PODS:
  - SnapKit (3.2.0)
  - YWTopInputField (0.0.5):
    - SnapKit

DEPENDENCIES:
  - YWTopInputField (from `~/Documents/Github/YWTopInputField`)

EXTERNAL SOURCES:
  YWTopInputField:
    :path: "~/Documents/Github/YWTopInputField"

SPEC CHECKSUMS:
  SnapKit: 1ca44df72cfa543218d177cb8aab029d10d86ea7
  YWTopInputField: 613a1cc0280cef21c2aa3b178da5bc560f49d75b

PODFILE CHECKSUM: 275d5470268c398eeba87b2c0f70c8bbeb9a4427

COCOAPODS: 1.1.1
