PODS:
  - SnapKit (3.2.0)
  - YWTopInputField (0.0.5):
    - SnapKit

DEPENDENCIES:
  - YWTopInputField

SPEC CHECKSUMS:
  SnapKit: 1ca44df72cfa543218d177cb8aab029d10d86ea7
  YWTopInputField: b99772806a78e6fa90a4cde24707e8e4bc2575e0

PODFILE CHECKSUM: 2c23ca427f520d96e6a60ec4d608127dd64b8eb0

COCOAPODS: 1.1.1
